
Microsoft Visual Studio Solution File, Format Version 12.00
# Visual Studio Version 16
VisualStudioVersion = 25.0.1705.4
MinimumVisualStudioVersion = 10.0.40219.1
Project("{FAE04EC0-301F-11D3-BF4B-00C04F79EFBC}") = "Initia.Proto", "initia.proto.csproj", "{F3097E99-9786-4421-ACA2-0E0C54DA2EC9}"
EndProject
Global
	GlobalSection(SolutionConfigurationPlatforms) = preSolution
		Debug|Any CPU = Debug|Any CPU
		Release|Any CPU = Release|Any CPU
	EndGlobalSection
	GlobalSection(ProjectConfigurationPlatforms) = postSolution
		{F3097E99-9786-4421-ACA2-0E0C54DA2EC9}.Debug|Any CPU.ActiveCfg = Debug|Any CPU
		{F3097E99-9786-4421-ACA2-0E0C54DA2EC9}.Debug|Any CPU.Build.0 = Debug|Any CPU
		{F3097E99-9786-4421-ACA2-0E0C54DA2EC9}.Release|Any CPU.ActiveCfg = Release|Any CPU
		{F3097E99-9786-4421-ACA2-0E0C54DA2EC9}.Release|Any CPU.Build.0 = Release|Any CPU
	EndGlobalSection
	GlobalSection(SolutionProperties) = preSolution
		HideSolutionNode = FALSE
	EndGlobalSection
	GlobalSection(ExtensibilityGlobals) = postSolution
		SolutionGuid = {A9F491FF-FF20-4BF2-A39D-D43A4A30027B}
	EndGlobalSection
EndGlobal
